
Microsoft Visual Studio Solution File, Format Version 12.00
# Visual Studio 14
VisualStudioVersion = 14.0.25420.1
MinimumVisualStudioVersion = 10.0.40219.1
Project("{FAE04EC0-301F-11D3-BF4B-00C04F79EFBC}") = "Inventory.Backend", "Inventory.Backend\Inventory.Backend.csproj", "{1BE89AE4-8E23-4891-8BA9-14F8DB63397F}"
EndProject
Project("{FAE04EC0-301F-11D3-BF4B-00C04F79EFBC}") = "Inventory.Site", "Inventory.Site\Inventory.Site.csproj", "{DCEE48AF-7787-4633-BBC3-EDCD78CBDA1F}"
EndProject
Global
	GlobalSection(SolutionConfigurationPlatforms) = preSolution
		Debug|Any CPU = Debug|Any CPU
		Release|Any CPU = Release|Any CPU
	EndGlobalSection
	GlobalSection(ProjectConfigurationPlatforms) = postSolution
		{1BE89AE4-8E23-4891-8BA9-14F8DB63397F}.Debug|Any CPU.ActiveCfg = Debug|Any CPU
		{1BE89AE4-8E23-4891-8BA9-14F8DB63397F}.Debug|Any CPU.Build.0 = Debug|Any CPU
		{1BE89AE4-8E23-4891-8BA9-14F8DB63397F}.Release|Any CPU.ActiveCfg = Release|Any CPU
		{1BE89AE4-8E23-4891-8BA9-14F8DB63397F}.Release|Any CPU.Build.0 = Release|Any CPU
		{DCEE48AF-7787-4633-BBC3-EDCD78CBDA1F}.Debug|Any CPU.ActiveCfg = Debug|Any CPU
		{DCEE48AF-7787-4633-BBC3-EDCD78CBDA1F}.Debug|Any CPU.Build.0 = Debug|Any CPU
		{DCEE48AF-7787-4633-BBC3-EDCD78CBDA1F}.Release|Any CPU.ActiveCfg = Release|Any CPU
		{DCEE48AF-7787-4633-BBC3-EDCD78CBDA1F}.Release|Any CPU.Build.0 = Release|Any CPU
	EndGlobalSection
	GlobalSection(SolutionProperties) = preSolution
		HideSolutionNode = FALSE
	EndGlobalSection
EndGlobal
